
Microsoft Visual Studio Solution File, Format Version 12.00
# Visual Studio Version 17
VisualStudioVersion = 17.3.32825.248
MinimumVisualStudioVersion = 10.0.40219.1
Project("{FAE04EC0-301F-11D3-BF4B-00C04F79EFBC}") = "Test-Geosystem-Cantalupo", "Test-Geosystem-Cantalupo\Test-Geosystem-Cantalupo.csproj", "{FA15C7B4-2736-40D2-A69E-FD86FA02ACAE}"
EndProject
Global
	GlobalSection(SolutionConfigurationPlatforms) = preSolution
		Debug|Any CPU = Debug|Any CPU
		Release|Any CPU = Release|Any CPU
	EndGlobalSection
	GlobalSection(ProjectConfigurationPlatforms) = postSolution
		{FA15C7B4-2736-40D2-A69E-FD86FA02ACAE}.Debug|Any CPU.ActiveCfg = Debug|Any CPU
		{FA15C7B4-2736-40D2-A69E-FD86FA02ACAE}.Debug|Any CPU.Build.0 = Debug|Any CPU
		{FA15C7B4-2736-40D2-A69E-FD86FA02ACAE}.Release|Any CPU.ActiveCfg = Release|Any CPU
		{FA15C7B4-2736-40D2-A69E-FD86FA02ACAE}.Release|Any CPU.Build.0 = Release|Any CPU
	EndGlobalSection
	GlobalSection(SolutionProperties) = preSolution
		HideSolutionNode = FALSE
	EndGlobalSection
	GlobalSection(ExtensibilityGlobals) = postSolution
		SolutionGuid = {2AF4D0D9-DF4E-4F72-BEAA-6B4BB8203BA0}
	EndGlobalSection
EndGlobal
